
Microsoft Visual Studio Solution File, Format Version 12.00
Project("{2150E333-8FDC-42A3-9474-1A3956D46DE8}") = "Services", "Services", "{E52447DC-7347-41F5-A291-87A465B1D88B}"
EndProject
Project("{2150E333-8FDC-42A3-9474-1A3956D46DE8}") = "Payment", "Payment", "{3ADB602A-5D3C-4A69-9E84-64B1BB799682}"
EndProject
Project("{2150E333-8FDC-42A3-9474-1A3956D46DE8}") = "Gateway", "Gateway", "{46404A6C-D96F-4209-8A65-28C18A266E76}"
EndProject
Project("{FAE04EC0-301F-11D3-BF4B-00C04F79EFBC}") = "Payment.Api", "Services\Payment\Payment.Api\Payment.Api.csproj", "{8CB872CB-EDF8-499B-ACB6-47D923415A50}"
EndProject
Project("{FAE04EC0-301F-11D3-BF4B-00C04F79EFBC}") = "Payment.Application", "Services\Payment\Payment.Application\Payment.Application.csproj", "{BEC8DE55-016F-4B60-A7A0-FE63948AF852}"
EndProject
Project("{FAE04EC0-301F-11D3-BF4B-00C04F79EFBC}") = "Payment.Domain", "Services\Payment\Payment.Domain\Payment.Domain.csproj", "{7E58CB0C-DC09-429B-80EA-C62CBC2A8E15}"
EndProject
Project("{FAE04EC0-301F-11D3-BF4B-00C04F79EFBC}") = "Payment.Infrastructure", "Services\Payment\Payment.Infrastructure\Payment.Infrastructure.csproj", "{40F79BAB-87B3-407E-9F6D-6FC72FCD8F68}"
EndProject
Project("{FAE04EC0-301F-11D3-BF4B-00C04F79EFBC}") = "Gateway.Api", "Services\Gateway\Gateway.Api\Gateway.Api.csproj", "{409C0BD5-6C5D-4C67-8C3A-6E01CB1B522C}"
EndProject
Project("{FAE04EC0-301F-11D3-BF4B-00C04F79EFBC}") = "Gateway.Application", "Services\Gateway\Gateway.Application\Gateway.Application.csproj", "{1D6B0143-A8D7-4F41-AFBC-0F8A8663E38E}"
EndProject
Project("{FAE04EC0-301F-11D3-BF4B-00C04F79EFBC}") = "Gateway.Domain", "Services\Gateway\Gateway.Domain\Gateway.Domain.csproj", "{59CC7D59-8A35-46B7-A20F-732CE3AD02DE}"
EndProject
Project("{FAE04EC0-301F-11D3-BF4B-00C04F79EFBC}") = "Gateway.Infrastructure", "Services\Gateway\Gateway.Infrastructure\Gateway.Infrastructure.csproj", "{57EDEB2C-AB70-440D-A9A7-1CC5E24EDC42}"
EndProject
Project("{2150E333-8FDC-42A3-9474-1A3956D46DE8}") = "Notification", "Notification", "{69D53167-3F76-486B-BE9A-EF8D99CE8F37}"
EndProject
Project("{FAE04EC0-301F-11D3-BF4B-00C04F79EFBC}") = "Notification.Api", "Services\Notification.Api\Notification.Api.csproj", "{6D393729-69EB-43D3-9F66-E5A08395BC05}"
EndProject
Project("{FAE04EC0-301F-11D3-BF4B-00C04F79EFBC}") = "Notification.Application", "Services\Notification.Application\Notification.Application.csproj", "{FDFA9F26-9B4A-4A50-90E5-E7E654A6D2EB}"
EndProject
Project("{FAE04EC0-301F-11D3-BF4B-00C04F79EFBC}") = "Notification.Domain", "Services\Notification.Domain\Notification.Domain.csproj", "{C1C1CF39-9B08-4DF1-BF3C-19D08FA84504}"
EndProject
Project("{FAE04EC0-301F-11D3-BF4B-00C04F79EFBC}") = "Notification.Infrastructure", "Services\Notification.Infrastructure\Notification.Infrastructure.csproj", "{031394F6-B889-4639-9B97-817AD633A4E8}"
EndProject
Global
	GlobalSection(SolutionConfigurationPlatforms) = preSolution
		Debug|Any CPU = Debug|Any CPU
		Release|Any CPU = Release|Any CPU
	EndGlobalSection
	GlobalSection(ProjectConfigurationPlatforms) = postSolution
		{8CB872CB-EDF8-499B-ACB6-47D923415A50}.Debug|Any CPU.ActiveCfg = Debug|Any CPU
		{8CB872CB-EDF8-499B-ACB6-47D923415A50}.Debug|Any CPU.Build.0 = Debug|Any CPU
		{8CB872CB-EDF8-499B-ACB6-47D923415A50}.Release|Any CPU.ActiveCfg = Release|Any CPU
		{8CB872CB-EDF8-499B-ACB6-47D923415A50}.Release|Any CPU.Build.0 = Release|Any CPU
		{BEC8DE55-016F-4B60-A7A0-FE63948AF852}.Debug|Any CPU.ActiveCfg = Debug|Any CPU
		{BEC8DE55-016F-4B60-A7A0-FE63948AF852}.Debug|Any CPU.Build.0 = Debug|Any CPU
		{BEC8DE55-016F-4B60-A7A0-FE63948AF852}.Release|Any CPU.ActiveCfg = Release|Any CPU
		{BEC8DE55-016F-4B60-A7A0-FE63948AF852}.Release|Any CPU.Build.0 = Release|Any CPU
		{7E58CB0C-DC09-429B-80EA-C62CBC2A8E15}.Debug|Any CPU.ActiveCfg = Debug|Any CPU
		{7E58CB0C-DC09-429B-80EA-C62CBC2A8E15}.Debug|Any CPU.Build.0 = Debug|Any CPU
		{7E58CB0C-DC09-429B-80EA-C62CBC2A8E15}.Release|Any CPU.ActiveCfg = Release|Any CPU
		{7E58CB0C-DC09-429B-80EA-C62CBC2A8E15}.Release|Any CPU.Build.0 = Release|Any CPU
		{40F79BAB-87B3-407E-9F6D-6FC72FCD8F68}.Debug|Any CPU.ActiveCfg = Debug|Any CPU
		{40F79BAB-87B3-407E-9F6D-6FC72FCD8F68}.Debug|Any CPU.Build.0 = Debug|Any CPU
		{40F79BAB-87B3-407E-9F6D-6FC72FCD8F68}.Release|Any CPU.ActiveCfg = Release|Any CPU
		{40F79BAB-87B3-407E-9F6D-6FC72FCD8F68}.Release|Any CPU.Build.0 = Release|Any CPU
		{409C0BD5-6C5D-4C67-8C3A-6E01CB1B522C}.Debug|Any CPU.ActiveCfg = Debug|Any CPU
		{409C0BD5-6C5D-4C67-8C3A-6E01CB1B522C}.Debug|Any CPU.Build.0 = Debug|Any CPU
		{409C0BD5-6C5D-4C67-8C3A-6E01CB1B522C}.Release|Any CPU.ActiveCfg = Release|Any CPU
		{409C0BD5-6C5D-4C67-8C3A-6E01CB1B522C}.Release|Any CPU.Build.0 = Release|Any CPU
		{1D6B0143-A8D7-4F41-AFBC-0F8A8663E38E}.Debug|Any CPU.ActiveCfg = Debug|Any CPU
		{1D6B0143-A8D7-4F41-AFBC-0F8A8663E38E}.Debug|Any CPU.Build.0 = Debug|Any CPU
		{1D6B0143-A8D7-4F41-AFBC-0F8A8663E38E}.Release|Any CPU.ActiveCfg = Release|Any CPU
		{1D6B0143-A8D7-4F41-AFBC-0F8A8663E38E}.Release|Any CPU.Build.0 = Release|Any CPU
		{59CC7D59-8A35-46B7-A20F-732CE3AD02DE}.Debug|Any CPU.ActiveCfg = Debug|Any CPU
		{59CC7D59-8A35-46B7-A20F-732CE3AD02DE}.Debug|Any CPU.Build.0 = Debug|Any CPU
		{59CC7D59-8A35-46B7-A20F-732CE3AD02DE}.Release|Any CPU.ActiveCfg = Release|Any CPU
		{59CC7D59-8A35-46B7-A20F-732CE3AD02DE}.Release|Any CPU.Build.0 = Release|Any CPU
		{57EDEB2C-AB70-440D-A9A7-1CC5E24EDC42}.Debug|Any CPU.ActiveCfg = Debug|Any CPU
		{57EDEB2C-AB70-440D-A9A7-1CC5E24EDC42}.Debug|Any CPU.Build.0 = Debug|Any CPU
		{57EDEB2C-AB70-440D-A9A7-1CC5E24EDC42}.Release|Any CPU.ActiveCfg = Release|Any CPU
		{57EDEB2C-AB70-440D-A9A7-1CC5E24EDC42}.Release|Any CPU.Build.0 = Release|Any CPU
		{6D393729-69EB-43D3-9F66-E5A08395BC05}.Debug|Any CPU.ActiveCfg = Debug|Any CPU
		{6D393729-69EB-43D3-9F66-E5A08395BC05}.Debug|Any CPU.Build.0 = Debug|Any CPU
		{6D393729-69EB-43D3-9F66-E5A08395BC05}.Release|Any CPU.ActiveCfg = Release|Any CPU
		{6D393729-69EB-43D3-9F66-E5A08395BC05}.Release|Any CPU.Build.0 = Release|Any CPU
		{FDFA9F26-9B4A-4A50-90E5-E7E654A6D2EB}.Debug|Any CPU.ActiveCfg = Debug|Any CPU
		{FDFA9F26-9B4A-4A50-90E5-E7E654A6D2EB}.Debug|Any CPU.Build.0 = Debug|Any CPU
		{FDFA9F26-9B4A-4A50-90E5-E7E654A6D2EB}.Release|Any CPU.ActiveCfg = Release|Any CPU
		{FDFA9F26-9B4A-4A50-90E5-E7E654A6D2EB}.Release|Any CPU.Build.0 = Release|Any CPU
		{C1C1CF39-9B08-4DF1-BF3C-19D08FA84504}.Debug|Any CPU.ActiveCfg = Debug|Any CPU
		{C1C1CF39-9B08-4DF1-BF3C-19D08FA84504}.Debug|Any CPU.Build.0 = Debug|Any CPU
		{C1C1CF39-9B08-4DF1-BF3C-19D08FA84504}.Release|Any CPU.ActiveCfg = Release|Any CPU
		{C1C1CF39-9B08-4DF1-BF3C-19D08FA84504}.Release|Any CPU.Build.0 = Release|Any CPU
		{031394F6-B889-4639-9B97-817AD633A4E8}.Debug|Any CPU.ActiveCfg = Debug|Any CPU
		{031394F6-B889-4639-9B97-817AD633A4E8}.Debug|Any CPU.Build.0 = Debug|Any CPU
		{031394F6-B889-4639-9B97-817AD633A4E8}.Release|Any CPU.ActiveCfg = Release|Any CPU
		{031394F6-B889-4639-9B97-817AD633A4E8}.Release|Any CPU.Build.0 = Release|Any CPU
	EndGlobalSection
	GlobalSection(NestedProjects) = preSolution
		{3ADB602A-5D3C-4A69-9E84-64B1BB799682} = {E52447DC-7347-41F5-A291-87A465B1D88B}
		{46404A6C-D96F-4209-8A65-28C18A266E76} = {E52447DC-7347-41F5-A291-87A465B1D88B}
		{8CB872CB-EDF8-499B-ACB6-47D923415A50} = {3ADB602A-5D3C-4A69-9E84-64B1BB799682}
		{BEC8DE55-016F-4B60-A7A0-FE63948AF852} = {3ADB602A-5D3C-4A69-9E84-64B1BB799682}
		{7E58CB0C-DC09-429B-80EA-C62CBC2A8E15} = {3ADB602A-5D3C-4A69-9E84-64B1BB799682}
		{40F79BAB-87B3-407E-9F6D-6FC72FCD8F68} = {3ADB602A-5D3C-4A69-9E84-64B1BB799682}
		{409C0BD5-6C5D-4C67-8C3A-6E01CB1B522C} = {46404A6C-D96F-4209-8A65-28C18A266E76}
		{1D6B0143-A8D7-4F41-AFBC-0F8A8663E38E} = {46404A6C-D96F-4209-8A65-28C18A266E76}
		{59CC7D59-8A35-46B7-A20F-732CE3AD02DE} = {46404A6C-D96F-4209-8A65-28C18A266E76}
		{57EDEB2C-AB70-440D-A9A7-1CC5E24EDC42} = {46404A6C-D96F-4209-8A65-28C18A266E76}
		{69D53167-3F76-486B-BE9A-EF8D99CE8F37} = {E52447DC-7347-41F5-A291-87A465B1D88B}
		{6D393729-69EB-43D3-9F66-E5A08395BC05} = {69D53167-3F76-486B-BE9A-EF8D99CE8F37}
		{FDFA9F26-9B4A-4A50-90E5-E7E654A6D2EB} = {69D53167-3F76-486B-BE9A-EF8D99CE8F37}
		{C1C1CF39-9B08-4DF1-BF3C-19D08FA84504} = {69D53167-3F76-486B-BE9A-EF8D99CE8F37}
		{031394F6-B889-4639-9B97-817AD633A4E8} = {69D53167-3F76-486B-BE9A-EF8D99CE8F37}
	EndGlobalSection
EndGlobal
