
Microsoft Visual Studio Solution File, Format Version 12.00
Project("{2150E333-8FDC-42A3-9474-1A3956D46DE8}") = "Services", "Services", "{E52447DC-7347-41F5-A291-87A465B1D88B}"
EndProject
Project("{2150E333-8FDC-42A3-9474-1A3956D46DE8}") = "Payment", "Payment", "{3ADB602A-5D3C-4A69-9E84-64B1BB799682}"
EndProject
Project("{FAE04EC0-301F-11D3-BF4B-00C04F79EFBC}") = "Payment.Api", "Payment.Api\Payment.Api.csproj", "{8365BDC1-AA8C-460C-A634-C0ECCDC111ED}"
EndProject
Project("{FAE04EC0-301F-11D3-BF4B-00C04F79EFBC}") = "Payment.Application", "Payment.Application\Payment.Application.csproj", "{7411BBB5-149F-4464-B848-F9C344F08255}"
EndProject
Project("{FAE04EC0-301F-11D3-BF4B-00C04F79EFBC}") = "Payment.Domain", "Payment.Domain\Payment.Domain.csproj", "{33F7F976-6893-4675-AC36-6856BE99DA57}"
EndProject
Project("{FAE04EC0-301F-11D3-BF4B-00C04F79EFBC}") = "Payment.Infrastructure", "Payment.Infrastructure\Payment.Infrastructure.csproj", "{3DDC6E9F-1201-4B88-8737-4BAA92B8C787}"
EndProject
Project("{2150E333-8FDC-42A3-9474-1A3956D46DE8}") = "Gateway", "Gateway", "{46404A6C-D96F-4209-8A65-28C18A266E76}"
EndProject
Project("{FAE04EC0-301F-11D3-BF4B-00C04F79EFBC}") = "Gateway.Api", "Gateway.Api\Gateway.Api.csproj", "{3BB76006-F772-486F-9177-BBA90D1C5D65}"
EndProject
Project("{FAE04EC0-301F-11D3-BF4B-00C04F79EFBC}") = "Gateway.Application", "Gateway.Application\Gateway.Application.csproj", "{A18D67B0-5D3B-4E8B-9596-2BF0509420D3}"
EndProject
Project("{FAE04EC0-301F-11D3-BF4B-00C04F79EFBC}") = "Gateway.Domain", "Gateway.Domain\Gateway.Domain.csproj", "{624F0D4D-A179-4AB6-8DE9-B4721C3D173F}"
EndProject
Project("{FAE04EC0-301F-11D3-BF4B-00C04F79EFBC}") = "Gateway.Infrastructure", "Gateway.Infrastructure\Gateway.Infrastructure.csproj", "{7D02EDFB-B1DD-4001-B12C-6893B66D3EFF}"
EndProject
Global
	GlobalSection(SolutionConfigurationPlatforms) = preSolution
		Debug|Any CPU = Debug|Any CPU
		Release|Any CPU = Release|Any CPU
	EndGlobalSection
	GlobalSection(ProjectConfigurationPlatforms) = postSolution
		{8365BDC1-AA8C-460C-A634-C0ECCDC111ED}.Debug|Any CPU.ActiveCfg = Debug|Any CPU
		{8365BDC1-AA8C-460C-A634-C0ECCDC111ED}.Debug|Any CPU.Build.0 = Debug|Any CPU
		{8365BDC1-AA8C-460C-A634-C0ECCDC111ED}.Release|Any CPU.ActiveCfg = Release|Any CPU
		{8365BDC1-AA8C-460C-A634-C0ECCDC111ED}.Release|Any CPU.Build.0 = Release|Any CPU
		{7411BBB5-149F-4464-B848-F9C344F08255}.Debug|Any CPU.ActiveCfg = Debug|Any CPU
		{7411BBB5-149F-4464-B848-F9C344F08255}.Debug|Any CPU.Build.0 = Debug|Any CPU
		{7411BBB5-149F-4464-B848-F9C344F08255}.Release|Any CPU.ActiveCfg = Release|Any CPU
		{7411BBB5-149F-4464-B848-F9C344F08255}.Release|Any CPU.Build.0 = Release|Any CPU
		{33F7F976-6893-4675-AC36-6856BE99DA57}.Debug|Any CPU.ActiveCfg = Debug|Any CPU
		{33F7F976-6893-4675-AC36-6856BE99DA57}.Debug|Any CPU.Build.0 = Debug|Any CPU
		{33F7F976-6893-4675-AC36-6856BE99DA57}.Release|Any CPU.ActiveCfg = Release|Any CPU
		{33F7F976-6893-4675-AC36-6856BE99DA57}.Release|Any CPU.Build.0 = Release|Any CPU
		{3DDC6E9F-1201-4B88-8737-4BAA92B8C787}.Debug|Any CPU.ActiveCfg = Debug|Any CPU
		{3DDC6E9F-1201-4B88-8737-4BAA92B8C787}.Debug|Any CPU.Build.0 = Debug|Any CPU
		{3DDC6E9F-1201-4B88-8737-4BAA92B8C787}.Release|Any CPU.ActiveCfg = Release|Any CPU
		{3DDC6E9F-1201-4B88-8737-4BAA92B8C787}.Release|Any CPU.Build.0 = Release|Any CPU
		{3BB76006-F772-486F-9177-BBA90D1C5D65}.Debug|Any CPU.ActiveCfg = Debug|Any CPU
		{3BB76006-F772-486F-9177-BBA90D1C5D65}.Debug|Any CPU.Build.0 = Debug|Any CPU
		{3BB76006-F772-486F-9177-BBA90D1C5D65}.Release|Any CPU.ActiveCfg = Release|Any CPU
		{3BB76006-F772-486F-9177-BBA90D1C5D65}.Release|Any CPU.Build.0 = Release|Any CPU
		{A18D67B0-5D3B-4E8B-9596-2BF0509420D3}.Debug|Any CPU.ActiveCfg = Debug|Any CPU
		{A18D67B0-5D3B-4E8B-9596-2BF0509420D3}.Debug|Any CPU.Build.0 = Debug|Any CPU
		{A18D67B0-5D3B-4E8B-9596-2BF0509420D3}.Release|Any CPU.ActiveCfg = Release|Any CPU
		{A18D67B0-5D3B-4E8B-9596-2BF0509420D3}.Release|Any CPU.Build.0 = Release|Any CPU
		{624F0D4D-A179-4AB6-8DE9-B4721C3D173F}.Debug|Any CPU.ActiveCfg = Debug|Any CPU
		{624F0D4D-A179-4AB6-8DE9-B4721C3D173F}.Debug|Any CPU.Build.0 = Debug|Any CPU
		{624F0D4D-A179-4AB6-8DE9-B4721C3D173F}.Release|Any CPU.ActiveCfg = Release|Any CPU
		{624F0D4D-A179-4AB6-8DE9-B4721C3D173F}.Release|Any CPU.Build.0 = Release|Any CPU
		{7D02EDFB-B1DD-4001-B12C-6893B66D3EFF}.Debug|Any CPU.ActiveCfg = Debug|Any CPU
		{7D02EDFB-B1DD-4001-B12C-6893B66D3EFF}.Debug|Any CPU.Build.0 = Debug|Any CPU
		{7D02EDFB-B1DD-4001-B12C-6893B66D3EFF}.Release|Any CPU.ActiveCfg = Release|Any CPU
		{7D02EDFB-B1DD-4001-B12C-6893B66D3EFF}.Release|Any CPU.Build.0 = Release|Any CPU
	EndGlobalSection
	GlobalSection(NestedProjects) = preSolution
		{3ADB602A-5D3C-4A69-9E84-64B1BB799682} = {E52447DC-7347-41F5-A291-87A465B1D88B}
		{8365BDC1-AA8C-460C-A634-C0ECCDC111ED} = {3ADB602A-5D3C-4A69-9E84-64B1BB799682}
		{7411BBB5-149F-4464-B848-F9C344F08255} = {3ADB602A-5D3C-4A69-9E84-64B1BB799682}
		{33F7F976-6893-4675-AC36-6856BE99DA57} = {3ADB602A-5D3C-4A69-9E84-64B1BB799682}
		{3DDC6E9F-1201-4B88-8737-4BAA92B8C787} = {3ADB602A-5D3C-4A69-9E84-64B1BB799682}
		{46404A6C-D96F-4209-8A65-28C18A266E76} = {E52447DC-7347-41F5-A291-87A465B1D88B}
		{3BB76006-F772-486F-9177-BBA90D1C5D65} = {46404A6C-D96F-4209-8A65-28C18A266E76}
		{A18D67B0-5D3B-4E8B-9596-2BF0509420D3} = {46404A6C-D96F-4209-8A65-28C18A266E76}
		{624F0D4D-A179-4AB6-8DE9-B4721C3D173F} = {46404A6C-D96F-4209-8A65-28C18A266E76}
		{7D02EDFB-B1DD-4001-B12C-6893B66D3EFF} = {46404A6C-D96F-4209-8A65-28C18A266E76}
	EndGlobalSection
EndGlobal
